
Microsoft Visual Studio Solution File, Format Version 12.00
# Visual Studio 15
VisualStudioVersion = 15.0.28307.329
MinimumVisualStudioVersion = 10.0.40219.1
Project("{FAE04EC0-301F-11D3-BF4B-00C04F79EFBC}") = "ProJect2.Common", "ClassLibrary1\ProJect2.Common.csproj", "{48A1DF2D-A001-4E0E-9B28-6176EF2971C3}"
EndProject
Project("{FAE04EC0-301F-11D3-BF4B-00C04F79EFBC}") = "ProJect2.Data", "ProJect2.Data\ProJect2.Data.csproj", "{D394DC24-154B-4C5A-AB49-32167B30D936}"
EndProject
Project("{FAE04EC0-301F-11D3-BF4B-00C04F79EFBC}") = "ProJect2.Model", "ProJect2.Model\ProJect2.Model.csproj", "{A930B87A-1AB5-4425-90AE-FD4A99317595}"
EndProject
Project("{FAE04EC0-301F-11D3-BF4B-00C04F79EFBC}") = "ProJect2.UnitTest", "ProJect2.UnitTest\ProJect2.UnitTest.csproj", "{BB9FBC27-D943-4678-BC57-39FA2BBF1407}"
EndProject
Project("{FAE04EC0-301F-11D3-BF4B-00C04F79EFBC}") = "WebApplication2", "WebApplication2\WebApplication2.csproj", "{5F237A93-C5D2-4D3A-AF0E-E2CDBC7F3D03}"
EndProject
Global
	GlobalSection(SolutionConfigurationPlatforms) = preSolution
		Debug|Any CPU = Debug|Any CPU
		Release|Any CPU = Release|Any CPU
	EndGlobalSection
	GlobalSection(ProjectConfigurationPlatforms) = postSolution
		{48A1DF2D-A001-4E0E-9B28-6176EF2971C3}.Debug|Any CPU.ActiveCfg = Debug|Any CPU
		{48A1DF2D-A001-4E0E-9B28-6176EF2971C3}.Debug|Any CPU.Build.0 = Debug|Any CPU
		{48A1DF2D-A001-4E0E-9B28-6176EF2971C3}.Release|Any CPU.ActiveCfg = Release|Any CPU
		{48A1DF2D-A001-4E0E-9B28-6176EF2971C3}.Release|Any CPU.Build.0 = Release|Any CPU
		{D394DC24-154B-4C5A-AB49-32167B30D936}.Debug|Any CPU.ActiveCfg = Debug|Any CPU
		{D394DC24-154B-4C5A-AB49-32167B30D936}.Debug|Any CPU.Build.0 = Debug|Any CPU
		{D394DC24-154B-4C5A-AB49-32167B30D936}.Release|Any CPU.ActiveCfg = Release|Any CPU
		{D394DC24-154B-4C5A-AB49-32167B30D936}.Release|Any CPU.Build.0 = Release|Any CPU
		{A930B87A-1AB5-4425-90AE-FD4A99317595}.Debug|Any CPU.ActiveCfg = Debug|Any CPU
		{A930B87A-1AB5-4425-90AE-FD4A99317595}.Debug|Any CPU.Build.0 = Debug|Any CPU
		{A930B87A-1AB5-4425-90AE-FD4A99317595}.Release|Any CPU.ActiveCfg = Release|Any CPU
		{A930B87A-1AB5-4425-90AE-FD4A99317595}.Release|Any CPU.Build.0 = Release|Any CPU
		{BB9FBC27-D943-4678-BC57-39FA2BBF1407}.Debug|Any CPU.ActiveCfg = Debug|Any CPU
		{BB9FBC27-D943-4678-BC57-39FA2BBF1407}.Debug|Any CPU.Build.0 = Debug|Any CPU
		{BB9FBC27-D943-4678-BC57-39FA2BBF1407}.Release|Any CPU.ActiveCfg = Release|Any CPU
		{BB9FBC27-D943-4678-BC57-39FA2BBF1407}.Release|Any CPU.Build.0 = Release|Any CPU
		{5F237A93-C5D2-4D3A-AF0E-E2CDBC7F3D03}.Debug|Any CPU.ActiveCfg = Debug|Any CPU
		{5F237A93-C5D2-4D3A-AF0E-E2CDBC7F3D03}.Debug|Any CPU.Build.0 = Debug|Any CPU
		{5F237A93-C5D2-4D3A-AF0E-E2CDBC7F3D03}.Release|Any CPU.ActiveCfg = Release|Any CPU
		{5F237A93-C5D2-4D3A-AF0E-E2CDBC7F3D03}.Release|Any CPU.Build.0 = Release|Any CPU
	EndGlobalSection
	GlobalSection(SolutionProperties) = preSolution
		HideSolutionNode = FALSE
	EndGlobalSection
	GlobalSection(ExtensibilityGlobals) = postSolution
		SolutionGuid = {7C84479D-42EB-4EDC-B506-B8907984EC9D}
	EndGlobalSection
EndGlobal
